PODS:
  - AFNetworking (3.1.0):
    - AFNetworking/NSURLSession (= 3.1.0)
    - AFNetworking/Reachability (= 3.1.0)
    - AFNetworking/Security (= 3.1.0)
    - AFNetworking/Serialization (= 3.1.0)
    - AFNetworking/UIKit (= 3.1.0)
  - AFNetworking/NSURLSession (3.1.0):
    - AFNetworking/Reachability
    - AFNetworking/Security
    - AFNetworking/Serialization
  - AFNetworking/Reachability (3.1.0)
  - AFNetworking/Security (3.1.0)
  - AFNetworking/Serialization (3.1.0)
  - AFNetworking/UIKit (3.1.0):
    - AFNetworking/NSURLSession
  - JKCategories (1.6)
  - ProgressHUD (2.51)
  - ReactiveObjC (3.0.0)
  - SVProgressHUD (2.2.2)
  - YYCache (1.0.4)
  - YYImage (1.0.4):
    - YYImage/Core (= 1.0.4)
  - YYImage/Core (1.0.4)
  - YYWebImage (1.0.5):
    - YYCache
    - YYImage

DEPENDENCIES:
  - AFNetworking
  - JKCategories
  - ProgressHUD
  - ReactiveObjC
  - SVProgressHUD
  - YYWebImage

SPEC CHECKSUMS:
  AFNetworking: 5e0e199f73d8626b11e79750991f5d173d1f8b67
  JKCategories: dab1bd3f7500836c5066d09052b85c12a963db12
  ProgressHUD: 54b4c2fa202bf3da7dddc1c698ae4e6376333bd9
  ReactiveObjC: ce79989e8684b9086b5f8d0c74bc7b81a8729c9e
  SVProgressHUD: 59b2d3dabacbd051576d21d32293ca7228dc18b0
  YYCache: 8105b6638f5e849296c71f331ff83891a4942952
  YYImage: 1e1b62a9997399593e4b9c4ecfbbabbf1d3f3b54
  YYWebImage: 5f7f36aee2ae293f016d418c7d6ba05c4863e928

PODFILE CHECKSUM: c18d150df6072c11a04c36e433b8c0aa4ed55c27

COCOAPODS: 1.1.1
